
Microsoft Visual Studio Solution File, Format Version 12.00
# Visual Studio Version 16
VisualStudioVersion = 16.0.32802.440
MinimumVisualStudioVersion = 10.0.40219.1
Project("{2150E333-8FDC-42A3-9474-1A3956D46DE8}") = "1.Presentacion", "1.Presentacion", "{4786C5C8-4E85-412B-A823-7B6F3DFB7A80}"
EndProject
Project("{2150E333-8FDC-42A3-9474-1A3956D46DE8}") = "2.Domain", "2.Domain", "{0FE6B250-4B6C-483A-A81C-CF22BDBCAE14}"
EndProject
Project("{2150E333-8FDC-42A3-9474-1A3956D46DE8}") = "3.Database", "3.Database", "{7BED1B79-11E9-40D4-9CE3-606A2F390B22}"
EndProject
Project("{2150E333-8FDC-42A3-9474-1A3956D46DE8}") = "4.Entidad", "4.Entidad", "{B6D92557-740F-4D1B-82E4-FE3C749141BB}"
EndProject
Project("{FAE04EC0-301F-11D3-BF4B-00C04F79EFBC}") = "LogisticaAppMVC", "LogisticaAppMVC\LogisticaAppMVC.csproj", "{C9FD2321-9B32-4A85-9D7D-1D1476D1A535}"
EndProject
Project("{FAE04EC0-301F-11D3-BF4B-00C04F79EFBC}") = "Domain", "Domain\Domain.csproj", "{551803A4-C160-4D65-9D3A-D31F825C9027}"
EndProject
Project("{FAE04EC0-301F-11D3-BF4B-00C04F79EFBC}") = "Database.MicroORM", "Database\Database.MicroORM.csproj", "{71B71FD7-A016-480A-8068-03C151CC88DD}"
EndProject
Project("{FAE04EC0-301F-11D3-BF4B-00C04F79EFBC}") = "Entidad", "Entidad\Entidad.csproj", "{09AB1419-6DAE-4C6A-819A-2539848A788F}"
EndProject
Global
	GlobalSection(SolutionConfigurationPlatforms) = preSolution
		Debug|Any CPU = Debug|Any CPU
		Release|Any CPU = Release|Any CPU
	EndGlobalSection
	GlobalSection(ProjectConfigurationPlatforms) = postSolution
		{C9FD2321-9B32-4A85-9D7D-1D1476D1A535}.Debug|Any CPU.ActiveCfg = Debug|Any CPU
		{C9FD2321-9B32-4A85-9D7D-1D1476D1A535}.Debug|Any CPU.Build.0 = Debug|Any CPU
		{C9FD2321-9B32-4A85-9D7D-1D1476D1A535}.Release|Any CPU.ActiveCfg = Release|Any CPU
		{C9FD2321-9B32-4A85-9D7D-1D1476D1A535}.Release|Any CPU.Build.0 = Release|Any CPU
		{551803A4-C160-4D65-9D3A-D31F825C9027}.Debug|Any CPU.ActiveCfg = Debug|Any CPU
		{551803A4-C160-4D65-9D3A-D31F825C9027}.Debug|Any CPU.Build.0 = Debug|Any CPU
		{551803A4-C160-4D65-9D3A-D31F825C9027}.Release|Any CPU.ActiveCfg = Release|Any CPU
		{551803A4-C160-4D65-9D3A-D31F825C9027}.Release|Any CPU.Build.0 = Release|Any CPU
		{71B71FD7-A016-480A-8068-03C151CC88DD}.Debug|Any CPU.ActiveCfg = Debug|Any CPU
		{71B71FD7-A016-480A-8068-03C151CC88DD}.Debug|Any CPU.Build.0 = Debug|Any CPU
		{71B71FD7-A016-480A-8068-03C151CC88DD}.Release|Any CPU.ActiveCfg = Release|Any CPU
		{71B71FD7-A016-480A-8068-03C151CC88DD}.Release|Any CPU.Build.0 = Release|Any CPU
		{09AB1419-6DAE-4C6A-819A-2539848A788F}.Debug|Any CPU.ActiveCfg = Debug|Any CPU
		{09AB1419-6DAE-4C6A-819A-2539848A788F}.Debug|Any CPU.Build.0 = Debug|Any CPU
		{09AB1419-6DAE-4C6A-819A-2539848A788F}.Release|Any CPU.ActiveCfg = Release|Any CPU
		{09AB1419-6DAE-4C6A-819A-2539848A788F}.Release|Any CPU.Build.0 = Release|Any CPU
	EndGlobalSection
	GlobalSection(SolutionProperties) = preSolution
		HideSolutionNode = FALSE
	EndGlobalSection
	GlobalSection(NestedProjects) = preSolution
		{C9FD2321-9B32-4A85-9D7D-1D1476D1A535} = {4786C5C8-4E85-412B-A823-7B6F3DFB7A80}
		{551803A4-C160-4D65-9D3A-D31F825C9027} = {0FE6B250-4B6C-483A-A81C-CF22BDBCAE14}
		{71B71FD7-A016-480A-8068-03C151CC88DD} = {7BED1B79-11E9-40D4-9CE3-606A2F390B22}
		{09AB1419-6DAE-4C6A-819A-2539848A788F} = {B6D92557-740F-4D1B-82E4-FE3C749141BB}
	EndGlobalSection
	GlobalSection(ExtensibilityGlobals) = postSolution
		SolutionGuid = {340E52C8-5683-4A99-82E8-C2B44783AE92}
	EndGlobalSection
EndGlobal
